
Microsoft Visual Studio Solution File, Format Version 12.00
# Visual Studio Version 16
VisualStudioVersion = 16.0.29905.134
MinimumVisualStudioVersion = 10.0.40219.1
Project("{FAE04EC0-301F-11D3-BF4B-00C04F79EFBC}") = "Laboratorio 8", "Laboratorio 8\Laboratorio 8.csproj", "{4E77793F-B800-4809-B661-90D68D5BDC86}"
EndProject
Global
	GlobalSection(SolutionConfigurationPlatforms) = preSolution
		Debug|Any CPU = Debug|Any CPU
		Release|Any CPU = Release|Any CPU
	EndGlobalSection
	GlobalSection(ProjectConfigurationPlatforms) = postSolution
		{4E77793F-B800-4809-B661-90D68D5BDC86}.Debug|Any CPU.ActiveCfg = Debug|Any CPU
		{4E77793F-B800-4809-B661-90D68D5BDC86}.Debug|Any CPU.Build.0 = Debug|Any CPU
		{4E77793F-B800-4809-B661-90D68D5BDC86}.Release|Any CPU.ActiveCfg = Release|Any CPU
		{4E77793F-B800-4809-B661-90D68D5BDC86}.Release|Any CPU.Build.0 = Release|Any CPU
	EndGlobalSection
	GlobalSection(SolutionProperties) = preSolution
		HideSolutionNode = FALSE
	EndGlobalSection
	GlobalSection(ExtensibilityGlobals) = postSolution
		SolutionGuid = {C6D9168E-A407-447D-8227-F3DA360E6F78}
	EndGlobalSection
EndGlobal
